
Microsoft Visual Studio Solution File, Format Version 12.00
# Visual Studio Version 17
VisualStudioVersion = 17.11.34909.67
MinimumVisualStudioVersion = 10.0.40219.1
Project("{FAE04EC0-301F-11D3-BF4B-00C04F79EFBC}") = "project292", "project292.csproj", "{805A3A49-AF83-4F55-8650-02DF1567302F}"
EndProject
Global
	GlobalSection(SolutionConfigurationPlatforms) = preSolution
		Debug|Any CPU = Debug|Any CPU
		Release|Any CPU = Release|Any CPU
	EndGlobalSection
	GlobalSection(ProjectConfigurationPlatforms) = postSolution
		{805A3A49-AF83-4F55-8650-02DF1567302F}.Debug|Any CPU.ActiveCfg = Debug|Any CPU
		{805A3A49-AF83-4F55-8650-02DF1567302F}.Debug|Any CPU.Build.0 = Debug|Any CPU
		{805A3A49-AF83-4F55-8650-02DF1567302F}.Release|Any CPU.ActiveCfg = Release|Any CPU
		{805A3A49-AF83-4F55-8650-02DF1567302F}.Release|Any CPU.Build.0 = Release|Any CPU
	EndGlobalSection
	GlobalSection(SolutionProperties) = preSolution
		HideSolutionNode = FALSE
	EndGlobalSection
	GlobalSection(ExtensibilityGlobals) = postSolution
		SolutionGuid = {CD722D93-29EC-421B-A224-330D848C377B}
	EndGlobalSection
EndGlobal
